
Microsoft Visual Studio Solution File, Format Version 12.00
# Visual Studio Version 17
VisualStudioVersion = 17.0.31903.59
MinimumVisualStudioVersion = 10.0.40219.1
Project("{2150E333-8FDC-42A3-9474-1A3956D46DE8}") = "src", "src", "{DB9188AF-D059-4E83-959B-6DDC4192181B}"
EndProject
Project("{FAE04EC0-301F-11D3-BF4B-00C04F79EFBC}") = "BehaviorDiff.Contracts", "src\BehaviorDiff.Contracts\BehaviorDiff.Contracts.csproj", "{7755CFBB-F119-4C8B-B417-EC894BA93723}"
EndProject
Project("{FAE04EC0-301F-11D3-BF4B-00C04F79EFBC}") = "BehaviorDiff.Tracer", "src\BehaviorDiff.Tracer\BehaviorDiff.Tracer.csproj", "{1E99CEAF-DBD5-4161-9BF0-BA037EC0A421}"
EndProject
Project("{FAE04EC0-301F-11D3-BF4B-00C04F79EFBC}") = "BehaviorDiff.Engine", "src\BehaviorDiff.Engine\BehaviorDiff.Engine.csproj", "{BDEC4FC3-395B-4044-BD01-8483988FE5ED}"
EndProject
Project("{FAE04EC0-301F-11D3-BF4B-00C04F79EFBC}") = "BehaviorDiff.Tracer.Xunit", "src\BehaviorDiff.Tracer.Xunit\BehaviorDiff.Tracer.Xunit.csproj", "{E9A7D777-58F9-4E40-A709-BC4C7740C34F}"
EndProject
Project("{2150E333-8FDC-42A3-9474-1A3956D46DE8}") = "samples", "samples", "{C1F82A37-73DA-4439-9A75-5D5219811048}"
EndProject
Project("{FAE04EC0-301F-11D3-BF4B-00C04F79EFBC}") = "SampleApp", "samples\SampleApp\SampleApp.csproj", "{0C2A7ECD-C733-4C04-80FC-30C5FBB59E71}"
EndProject
Project("{FAE04EC0-301F-11D3-BF4B-00C04F79EFBC}") = "SampleApp.Tests", "samples\SampleApp.Tests\SampleApp.Tests.csproj", "{EF2EA78F-846B-4826-9866-C7DA8474DAA1}"
EndProject
Project("{FAE04EC0-301F-11D3-BF4B-00C04F79EFBC}") = "SampleApp.Plugin", "samples\SampleApp.Plugin\SampleApp.Plugin.csproj", "{F862E66E-EAB2-4505-A334-1633E7226563}"
EndProject
Project("{FAE04EC0-301F-11D3-BF4B-00C04F79EFBC}") = "SampleApp.NoPdb", "samples\SampleApp.NoPdb\SampleApp.NoPdb.csproj", "{40CD95D0-7D44-4842-A14E-61E096A3FDB5}"
EndProject
Project("{FAE04EC0-301F-11D3-BF4B-00C04F79EFBC}") = "SampleApp.NoPdb.Tests", "samples\SampleApp.NoPdb.Tests\SampleApp.NoPdb.Tests.csproj", "{BC4427A2-7BDA-428B-B087-38485E555D48}"
EndProject
Project("{FAE04EC0-301F-11D3-BF4B-00C04F79EFBC}") = "BehaviorDiff.Cli", "src\BehaviorDiff.Cli\BehaviorDiff.Cli.csproj", "{7CB7FA28-3379-437B-A1AA-BE9B9E5B7010}"
EndProject
Project("{FAE04EC0-301F-11D3-BF4B-00C04F79EFBC}") = "Infrastructure.Collections", "src\Infrastructure.Collections\Infrastructure.Collections.csproj", "{48B0E789-E8DA-4E0A-AB9B-EB0FF86E9691}"
EndProject
Project("{FAE04EC0-301F-11D3-BF4B-00C04F79EFBC}") = "Commerce.Pricing", "src\Commerce.Pricing\Commerce.Pricing.csproj", "{A280FDD3-2D1F-4031-8473-5471B4717F37}"
EndProject
Global
	GlobalSection(SolutionConfigurationPlatforms) = preSolution
		Debug|Any CPU = Debug|Any CPU
		Release|Any CPU = Release|Any CPU
	EndGlobalSection
	GlobalSection(SolutionProperties) = preSolution
		HideSolutionNode = FALSE
	EndGlobalSection
	GlobalSection(ProjectConfigurationPlatforms) = postSolution
		{7755CFBB-F119-4C8B-B417-EC894BA93723}.Debug|Any CPU.ActiveCfg = Debug|Any CPU
		{7755CFBB-F119-4C8B-B417-EC894BA93723}.Debug|Any CPU.Build.0 = Debug|Any CPU
		{7755CFBB-F119-4C8B-B417-EC894BA93723}.Release|Any CPU.ActiveCfg = Release|Any CPU
		{7755CFBB-F119-4C8B-B417-EC894BA93723}.Release|Any CPU.Build.0 = Release|Any CPU
		{1E99CEAF-DBD5-4161-9BF0-BA037EC0A421}.Debug|Any CPU.ActiveCfg = Debug|Any CPU
		{1E99CEAF-DBD5-4161-9BF0-BA037EC0A421}.Debug|Any CPU.Build.0 = Debug|Any CPU
		{1E99CEAF-DBD5-4161-9BF0-BA037EC0A421}.Release|Any CPU.ActiveCfg = Release|Any CPU
		{1E99CEAF-DBD5-4161-9BF0-BA037EC0A421}.Release|Any CPU.Build.0 = Release|Any CPU
		{BDEC4FC3-395B-4044-BD01-8483988FE5ED}.Debug|Any CPU.ActiveCfg = Debug|Any CPU
		{BDEC4FC3-395B-4044-BD01-8483988FE5ED}.Debug|Any CPU.Build.0 = Debug|Any CPU
		{BDEC4FC3-395B-4044-BD01-8483988FE5ED}.Release|Any CPU.ActiveCfg = Release|Any CPU
		{BDEC4FC3-395B-4044-BD01-8483988FE5ED}.Release|Any CPU.Build.0 = Release|Any CPU
		{E9A7D777-58F9-4E40-A709-BC4C7740C34F}.Debug|Any CPU.ActiveCfg = Debug|Any CPU
		{E9A7D777-58F9-4E40-A709-BC4C7740C34F}.Debug|Any CPU.Build.0 = Debug|Any CPU
		{E9A7D777-58F9-4E40-A709-BC4C7740C34F}.Release|Any CPU.ActiveCfg = Release|Any CPU
		{E9A7D777-58F9-4E40-A709-BC4C7740C34F}.Release|Any CPU.Build.0 = Release|Any CPU
		{0C2A7ECD-C733-4C04-80FC-30C5FBB59E71}.Debug|Any CPU.ActiveCfg = Debug|Any CPU
		{0C2A7ECD-C733-4C04-80FC-30C5FBB59E71}.Debug|Any CPU.Build.0 = Debug|Any CPU
		{0C2A7ECD-C733-4C04-80FC-30C5FBB59E71}.Release|Any CPU.ActiveCfg = Release|Any CPU
		{0C2A7ECD-C733-4C04-80FC-30C5FBB59E71}.Release|Any CPU.Build.0 = Release|Any CPU
		{EF2EA78F-846B-4826-9866-C7DA8474DAA1}.Debug|Any CPU.ActiveCfg = Debug|Any CPU
		{EF2EA78F-846B-4826-9866-C7DA8474DAA1}.Debug|Any CPU.Build.0 = Debug|Any CPU
		{EF2EA78F-846B-4826-9866-C7DA8474DAA1}.Release|Any CPU.ActiveCfg = Release|Any CPU
		{EF2EA78F-846B-4826-9866-C7DA8474DAA1}.Release|Any CPU.Build.0 = Release|Any CPU
		{F862E66E-EAB2-4505-A334-1633E7226563}.Debug|Any CPU.ActiveCfg = Debug|Any CPU
		{F862E66E-EAB2-4505-A334-1633E7226563}.Debug|Any CPU.Build.0 = Debug|Any CPU
		{F862E66E-EAB2-4505-A334-1633E7226563}.Release|Any CPU.ActiveCfg = Release|Any CPU
		{F862E66E-EAB2-4505-A334-1633E7226563}.Release|Any CPU.Build.0 = Release|Any CPU
		{40CD95D0-7D44-4842-A14E-61E096A3FDB5}.Debug|Any CPU.ActiveCfg = Debug|Any CPU
		{40CD95D0-7D44-4842-A14E-61E096A3FDB5}.Debug|Any CPU.Build.0 = Debug|Any CPU
		{40CD95D0-7D44-4842-A14E-61E096A3FDB5}.Release|Any CPU.ActiveCfg = Release|Any CPU
		{40CD95D0-7D44-4842-A14E-61E096A3FDB5}.Release|Any CPU.Build.0 = Release|Any CPU
		{BC4427A2-7BDA-428B-B087-38485E555D48}.Debug|Any CPU.ActiveCfg = Debug|Any CPU
		{BC4427A2-7BDA-428B-B087-38485E555D48}.Debug|Any CPU.Build.0 = Debug|Any CPU
		{BC4427A2-7BDA-428B-B087-38485E555D48}.Release|Any CPU.ActiveCfg = Release|Any CPU
		{BC4427A2-7BDA-428B-B087-38485E555D48}.Release|Any CPU.Build.0 = Release|Any CPU
		{7CB7FA28-3379-437B-A1AA-BE9B9E5B7010}.Debug|Any CPU.ActiveCfg = Debug|Any CPU
		{7CB7FA28-3379-437B-A1AA-BE9B9E5B7010}.Debug|Any CPU.Build.0 = Debug|Any CPU
		{7CB7FA28-3379-437B-A1AA-BE9B9E5B7010}.Release|Any CPU.ActiveCfg = Release|Any CPU
		{7CB7FA28-3379-437B-A1AA-BE9B9E5B7010}.Release|Any CPU.Build.0 = Release|Any CPU
		{48B0E789-E8DA-4E0A-AB9B-EB0FF86E9691}.Debug|Any CPU.ActiveCfg = Debug|Any CPU
		{48B0E789-E8DA-4E0A-AB9B-EB0FF86E9691}.Debug|Any CPU.Build.0 = Debug|Any CPU
		{48B0E789-E8DA-4E0A-AB9B-EB0FF86E9691}.Release|Any CPU.ActiveCfg = Release|Any CPU
		{48B0E789-E8DA-4E0A-AB9B-EB0FF86E9691}.Release|Any CPU.Build.0 = Release|Any CPU
		{A280FDD3-2D1F-4031-8473-5471B4717F37}.Debug|Any CPU.ActiveCfg = Debug|Any CPU
		{A280FDD3-2D1F-4031-8473-5471B4717F37}.Debug|Any CPU.Build.0 = Debug|Any CPU
		{A280FDD3-2D1F-4031-8473-5471B4717F37}.Release|Any CPU.ActiveCfg = Release|Any CPU
		{A280FDD3-2D1F-4031-8473-5471B4717F37}.Release|Any CPU.Build.0 = Release|Any CPU
	EndGlobalSection
	GlobalSection(NestedProjects) = preSolution
		{7755CFBB-F119-4C8B-B417-EC894BA93723} = {DB9188AF-D059-4E83-959B-6DDC4192181B}
		{1E99CEAF-DBD5-4161-9BF0-BA037EC0A421} = {DB9188AF-D059-4E83-959B-6DDC4192181B}
		{BDEC4FC3-395B-4044-BD01-8483988FE5ED} = {DB9188AF-D059-4E83-959B-6DDC4192181B}
		{E9A7D777-58F9-4E40-A709-BC4C7740C34F} = {DB9188AF-D059-4E83-959B-6DDC4192181B}
		{0C2A7ECD-C733-4C04-80FC-30C5FBB59E71} = {C1F82A37-73DA-4439-9A75-5D5219811048}
		{EF2EA78F-846B-4826-9866-C7DA8474DAA1} = {C1F82A37-73DA-4439-9A75-5D5219811048}
		{F862E66E-EAB2-4505-A334-1633E7226563} = {C1F82A37-73DA-4439-9A75-5D5219811048}
		{40CD95D0-7D44-4842-A14E-61E096A3FDB5} = {C1F82A37-73DA-4439-9A75-5D5219811048}
		{BC4427A2-7BDA-428B-B087-38485E555D48} = {C1F82A37-73DA-4439-9A75-5D5219811048}
		{7CB7FA28-3379-437B-A1AA-BE9B9E5B7010} = {DB9188AF-D059-4E83-959B-6DDC4192181B}
		{48B0E789-E8DA-4E0A-AB9B-EB0FF86E9691} = {DB9188AF-D059-4E83-959B-6DDC4192181B}
		{A280FDD3-2D1F-4031-8473-5471B4717F37} = {DB9188AF-D059-4E83-959B-6DDC4192181B}
	EndGlobalSection
EndGlobal
